
Microsoft Visual Studio Solution File, Format Version 12.00
# Visual Studio Version 16
VisualStudioVersion = 16.0.31911.196
MinimumVisualStudioVersion = 10.0.40219.1
Project("{FAE04EC0-301F-11D3-BF4B-00C04F79EFBC}") = "TestPostGradOffice", "TestPostGradOffice\TestPostGradOffice.csproj", "{1CE256D8-5DAD-4D54-A1C7-387F0B4D1E6D}"
EndProject
Global
	GlobalSection(SolutionConfigurationPlatforms) = preSolution
		Debug|Any CPU = Debug|Any CPU
		Release|Any CPU = Release|Any CPU
	EndGlobalSection
	GlobalSection(ProjectConfigurationPlatforms) = postSolution
		{1CE256D8-5DAD-4D54-A1C7-387F0B4D1E6D}.Debug|Any CPU.ActiveCfg = Debug|Any CPU
		{1CE256D8-5DAD-4D54-A1C7-387F0B4D1E6D}.Debug|Any CPU.Build.0 = Debug|Any CPU
		{1CE256D8-5DAD-4D54-A1C7-387F0B4D1E6D}.Release|Any CPU.ActiveCfg = Release|Any CPU
		{1CE256D8-5DAD-4D54-A1C7-387F0B4D1E6D}.Release|Any CPU.Build.0 = Release|Any CPU
	EndGlobalSection
	GlobalSection(SolutionProperties) = preSolution
		HideSolutionNode = FALSE
	EndGlobalSection
	GlobalSection(ExtensibilityGlobals) = postSolution
		SolutionGuid = {FC3CC4F3-C8D9-4CC7-8E2E-A6044650488F}
	EndGlobalSection
EndGlobal
